<?xml version="1.0" encoding="utf-8"?>
<Project ToolsVersion="4.0" xmlns="http://schemas.microsoft.com/developer/msbuild/2003">
  <ItemGroup>
    <Filter Include="Source Files">
      <UniqueIdentifier>{4FC737F1-C7A5-4376-A066-2A32D752A2FF}</UniqueIdentifier>
      <Extensions>cpp;c;cc;cxx;c++;def;odl;idl;hpj;bat;asm;asmx</Extensions>
    </Filter>
    <Filter Include="Header Files">
      <UniqueIdentifier>{93995380-89BD-4b04-88EB-625FBE52EBFB}</UniqueIdentifier>
      <Extensions>h;hh;hpp;hxx;h++;hm;inl;inc;ipp;xsd</Extensions>
    </Filter>
    <Filter Include="Resource Files">
      <UniqueIdentifier>{67DA6AB6-F800-4c08-8B7A-83BB121AAD01}</UniqueIdentifier>
      <Extensions>rc;ico;cur;bmp;dlg;rc2;rct;bin;rgs;gif;jpg;jpeg;jpe;resx;tiff;tif;png;wav;mfcribbon-ms</Extensions>
    </Filter>
  </ItemGroup>
  <ItemGroup>
    <ClInclude Include="..\ddb\source\include\core.h">
      <Filter>Header Files</Filter>
    </ClInclude>
    <ClInclude Include="..\ddb\source\include\debug.h">
      <Filter>Header Files</Filter>
    </ClInclude>
    <ClInclude Include="..\ddb\source\include\duplicate.h">
      <Filter>Header Files</Filter>
    </ClInclude>
    <ClInclude Include="..\ddb\source\include\errors.h">
      <Filter>Header Files</Filter>
    </ClInclude>
    <ClInclude Include="..\ddb\source\include\execute.h">
      <Filter>Header Files</Filter>
    </ClInclude>
    <ClInclude Include="..\ddb\source\include\files.h">
      <Filter>Header Files</Filter>
    </ClInclude>
    <ClInclude Include="..\ddb\source\include\free.h">
      <Filter>Header Files</Filter>
    </ClInclude>
    <ClInclude Include="..\ddb\source\include\lexer.h">
      <Filter>Header Files</Filter>
    </ClInclude>
    <ClInclude Include="..\ddb\source\include\processing.h">
      <Filter>Header Files</Filter>
    </ClInclude>
    <ClInclude Include="..\ddb\source\include\queries.h">
      <Filter>Header Files</Filter>
    </ClInclude>
    <ClInclude Include="..\ddb\source\include\statements.h">
      <Filter>Header Files</Filter>
    </ClInclude>
    <ClInclude Include="..\ddb\source\include\structure.h">
      <Filter>Header Files</Filter>
    </ClInclude>
    <ClInclude Include="..\ddb\source\include\teleprompter.h">
      <Filter>Header Files</Filter>
    </ClInclude>
    <ClInclude Include="..\ddb\source\include\tokens.h">
      <Filter>Header Files</Filter>
    </ClInclude>
    <ClInclude Include="..\ddb\source\include\validate.h">
      <Filter>Header Files</Filter>
    </ClInclude>
    <ClInclude Include="..\ddb\source\include\warp_gate.h">
      <Filter>Header Files</Filter>
    </ClInclude>
  </ItemGroup>
  <ItemGroup>
    <ClCompile Include="..\ddb\source\code\compare.c">
      <Filter>Source Files</Filter>
    </ClCompile>
    <ClCompile Include="..\ddb\source\code\core.c">
      <Filter>Source Files</Filter>
    </ClCompile>
    <ClCompile Include="..\ddb\source\code\debug.c">
      <Filter>Source Files</Filter>
    </ClCompile>
    <ClCompile Include="..\ddb\source\code\duplicate.c">
      <Filter>Source Files</Filter>
    </ClCompile>
    <ClCompile Include="..\ddb\source\code\execute.c">
      <Filter>Source Files</Filter>
    </ClCompile>
    <ClCompile Include="..\ddb\source\code\files.c">
      <Filter>Source Files</Filter>
    </ClCompile>
    <ClCompile Include="..\ddb\source\code\free.c">
      <Filter>Source Files</Filter>
    </ClCompile>
    <ClCompile Include="..\ddb\source\code\io.c">
      <Filter>Source Files</Filter>
    </ClCompile>
    <ClCompile Include="..\ddb\source\code\lexer.c">
      <Filter>Source Files</Filter>
    </ClCompile>
    <ClCompile Include="..\ddb\source\code\processing.c">
      <Filter>Source Files</Filter>
    </ClCompile>
    <ClCompile Include="..\ddb\source\code\queries.c">
      <Filter>Source Files</Filter>
    </ClCompile>
    <ClCompile Include="..\ddb\source\code\statements.c">
      <Filter>Source Files</Filter>
    </ClCompile>
    <ClCompile Include="..\ddb\source\code\structure.c">
      <Filter>Source Files</Filter>
    </ClCompile>
    <ClCompile Include="..\ddb\source\code\teleprompter.c">
      <Filter>Source Files</Filter>
    </ClCompile>
    <ClCompile Include="..\ddb\source\code\tokens.c">
      <Filter>Source Files</Filter>
    </ClCompile>
    <ClCompile Include="..\ddb\source\code\validate.c">
      <Filter>Source Files</Filter>
    </ClCompile>
  </ItemGroup>
</Project>